
Microsoft Visual Studio Solution File, Format Version 12.00
# Visual Studio Version 17
VisualStudioVersion = 17.6.33723.286
MinimumVisualStudioVersion = 10.0.40219.1
Project("{2150E333-8FDC-42A3-9474-1A3956D46DE8}") = "1-Presentation", "1-Presentation", "{093AA351-E03F-4C36-AF1C-E7D0347F0D98}"
EndProject
Project("{2150E333-8FDC-42A3-9474-1A3956D46DE8}") = "3-Domain", "3-Domain", "{641A645D-4374-479C-A97E-F00995B9B529}"
EndProject
Project("{2150E333-8FDC-42A3-9474-1A3956D46DE8}") = "4-Infra", "4-Infra", "{67AB9514-2257-4E1D-9DB3-5B3582A6719C}"
EndProject
Project("{2150E333-8FDC-42A3-9474-1A3956D46DE8}") = "4.1-Data", "4.1-Data", "{B0C41F85-CF47-438B-9CBD-03041CE65DBA}"
EndProject
Project("{2150E333-8FDC-42A3-9474-1A3956D46DE8}") = "2-Application", "2-Application", "{CED987AE-AE25-4147-8AEE-BCB32787C4EE}"
EndProject
Project("{9A19103F-16F7-4668-BE54-9A1E7A4F7556}") = "Services", "2-Services\Services\Services.csproj", "{E5544F11-4412-4389-B38B-6F54CDAF28ED}"
EndProject
Project("{9A19103F-16F7-4668-BE54-9A1E7A4F7556}") = "Data", "4-Infra\4.1-Data\Data\Data.csproj", "{7A3FCDA2-F097-411E-93B2-BA55E531627B}"
EndProject
Project("{2150E333-8FDC-42A3-9474-1A3956D46DE8}") = "4.2-Libs", "4.2-Libs", "{579D24C1-FB0E-4101-9F7A-711CA2164CDF}"
EndProject
Project("{9A19103F-16F7-4668-BE54-9A1E7A4F7556}") = "Core", "4-Infra\4.2-Libs\Core\Core.csproj", "{B058BDA6-FF69-43F5-A901-C1B9C8C61BD5}"
EndProject
Project("{9A19103F-16F7-4668-BE54-9A1E7A4F7556}") = "WebApi", "1-Presentation\WebApi\WebApi.csproj", "{49D12B8C-A45F-4500-A01F-A02B43BA5A40}"
EndProject
Project("{9A19103F-16F7-4668-BE54-9A1E7A4F7556}") = "Domain", "3-Domain\Domain\Domain.csproj", "{D1E53EE7-9EEE-4090-807D-A669DE2DB3FD}"
EndProject
Global
	GlobalSection(SolutionConfigurationPlatforms) = preSolution
		Debug|Any CPU = Debug|Any CPU
		Debug|x64 = Debug|x64
		Release|Any CPU = Release|Any CPU
		Release|x64 = Release|x64
	EndGlobalSection
	GlobalSection(ProjectConfigurationPlatforms) = postSolution
		{E5544F11-4412-4389-B38B-6F54CDAF28ED}.Debug|Any CPU.ActiveCfg = Debug|x64
		{E5544F11-4412-4389-B38B-6F54CDAF28ED}.Debug|Any CPU.Build.0 = Debug|x64
		{E5544F11-4412-4389-B38B-6F54CDAF28ED}.Debug|x64.ActiveCfg = Debug|x64
		{E5544F11-4412-4389-B38B-6F54CDAF28ED}.Debug|x64.Build.0 = Debug|x64
		{E5544F11-4412-4389-B38B-6F54CDAF28ED}.Release|Any CPU.ActiveCfg = Release|x64
		{E5544F11-4412-4389-B38B-6F54CDAF28ED}.Release|Any CPU.Build.0 = Release|x64
		{E5544F11-4412-4389-B38B-6F54CDAF28ED}.Release|x64.ActiveCfg = Release|x64
		{E5544F11-4412-4389-B38B-6F54CDAF28ED}.Release|x64.Build.0 = Release|x64
		{7A3FCDA2-F097-411E-93B2-BA55E531627B}.Debug|Any CPU.ActiveCfg = Debug|x64
		{7A3FCDA2-F097-411E-93B2-BA55E531627B}.Debug|Any CPU.Build.0 = Debug|x64
		{7A3FCDA2-F097-411E-93B2-BA55E531627B}.Debug|x64.ActiveCfg = Debug|x64
		{7A3FCDA2-F097-411E-93B2-BA55E531627B}.Debug|x64.Build.0 = Debug|x64
		{7A3FCDA2-F097-411E-93B2-BA55E531627B}.Release|Any CPU.ActiveCfg = Release|x64
		{7A3FCDA2-F097-411E-93B2-BA55E531627B}.Release|Any CPU.Build.0 = Release|x64
		{7A3FCDA2-F097-411E-93B2-BA55E531627B}.Release|x64.ActiveCfg = Release|x64
		{7A3FCDA2-F097-411E-93B2-BA55E531627B}.Release|x64.Build.0 = Release|x64
		{B058BDA6-FF69-43F5-A901-C1B9C8C61BD5}.Debug|Any CPU.ActiveCfg = Debug|x64
		{B058BDA6-FF69-43F5-A901-C1B9C8C61BD5}.Debug|Any CPU.Build.0 = Debug|x64
		{B058BDA6-FF69-43F5-A901-C1B9C8C61BD5}.Debug|x64.ActiveCfg = Debug|x64
		{B058BDA6-FF69-43F5-A901-C1B9C8C61BD5}.Debug|x64.Build.0 = Debug|x64
		{B058BDA6-FF69-43F5-A901-C1B9C8C61BD5}.Release|Any CPU.ActiveCfg = Release|x64
		{B058BDA6-FF69-43F5-A901-C1B9C8C61BD5}.Release|Any CPU.Build.0 = Release|x64
		{B058BDA6-FF69-43F5-A901-C1B9C8C61BD5}.Release|x64.ActiveCfg = Release|x64
		{B058BDA6-FF69-43F5-A901-C1B9C8C61BD5}.Release|x64.Build.0 = Release|x64
		{49D12B8C-A45F-4500-A01F-A02B43BA5A40}.Debug|Any CPU.ActiveCfg = Debug|x64
		{49D12B8C-A45F-4500-A01F-A02B43BA5A40}.Debug|Any CPU.Build.0 = Debug|x64
		{49D12B8C-A45F-4500-A01F-A02B43BA5A40}.Debug|x64.ActiveCfg = Debug|x64
		{49D12B8C-A45F-4500-A01F-A02B43BA5A40}.Debug|x64.Build.0 = Debug|x64
		{49D12B8C-A45F-4500-A01F-A02B43BA5A40}.Release|Any CPU.ActiveCfg = Release|x64
		{49D12B8C-A45F-4500-A01F-A02B43BA5A40}.Release|Any CPU.Build.0 = Release|x64
		{49D12B8C-A45F-4500-A01F-A02B43BA5A40}.Release|x64.ActiveCfg = Release|x64
		{49D12B8C-A45F-4500-A01F-A02B43BA5A40}.Release|x64.Build.0 = Release|x64
		{D1E53EE7-9EEE-4090-807D-A669DE2DB3FD}.Debug|Any CPU.ActiveCfg = Debug|x64
		{D1E53EE7-9EEE-4090-807D-A669DE2DB3FD}.Debug|Any CPU.Build.0 = Debug|x64
		{D1E53EE7-9EEE-4090-807D-A669DE2DB3FD}.Debug|x64.ActiveCfg = Debug|x64
		{D1E53EE7-9EEE-4090-807D-A669DE2DB3FD}.Debug|x64.Build.0 = Debug|x64
		{D1E53EE7-9EEE-4090-807D-A669DE2DB3FD}.Release|Any CPU.ActiveCfg = Release|x64
		{D1E53EE7-9EEE-4090-807D-A669DE2DB3FD}.Release|Any CPU.Build.0 = Release|x64
		{D1E53EE7-9EEE-4090-807D-A669DE2DB3FD}.Release|x64.ActiveCfg = Release|x64
		{D1E53EE7-9EEE-4090-807D-A669DE2DB3FD}.Release|x64.Build.0 = Release|x64
	EndGlobalSection
	GlobalSection(SolutionProperties) = preSolution
		HideSolutionNode = FALSE
	EndGlobalSection
	GlobalSection(NestedProjects) = preSolution
		{B0C41F85-CF47-438B-9CBD-03041CE65DBA} = {67AB9514-2257-4E1D-9DB3-5B3582A6719C}
		{E5544F11-4412-4389-B38B-6F54CDAF28ED} = {CED987AE-AE25-4147-8AEE-BCB32787C4EE}
		{7A3FCDA2-F097-411E-93B2-BA55E531627B} = {B0C41F85-CF47-438B-9CBD-03041CE65DBA}
		{579D24C1-FB0E-4101-9F7A-711CA2164CDF} = {67AB9514-2257-4E1D-9DB3-5B3582A6719C}
		{B058BDA6-FF69-43F5-A901-C1B9C8C61BD5} = {579D24C1-FB0E-4101-9F7A-711CA2164CDF}
		{49D12B8C-A45F-4500-A01F-A02B43BA5A40} = {093AA351-E03F-4C36-AF1C-E7D0347F0D98}
		{D1E53EE7-9EEE-4090-807D-A669DE2DB3FD} = {641A645D-4374-479C-A97E-F00995B9B529}
	EndGlobalSection
	GlobalSection(ExtensibilityGlobals) = postSolution
		SolutionGuid = {AD6434B2-3564-4991-9E38-1233C46152C5}
	EndGlobalSection
EndGlobal
