
Microsoft Visual Studio Solution File, Format Version 12.00
# Visual Studio Version 17
VisualStudioVersion = 17.7.34024.191
MinimumVisualStudioVersion = 10.0.40219.1
Project("{2150E333-8FDC-42A3-9474-1A3956D46DE8}") = "4-Infra", "4-Infra", "{B9A0B216-CFDB-46C6-A6D8-B926A0B6A4BF}"
EndProject
Project("{2150E333-8FDC-42A3-9474-1A3956D46DE8}") = "4.1-Data", "4.1-Data", "{57EB354E-AB09-49FE-AA38-D7A0208E9883}"
EndProject
Project("{2150E333-8FDC-42A3-9474-1A3956D46DE8}") = "3-Domain", "3-Domain", "{1D175664-9AD9-44C0-ABF7-F40B3EEFA207}"
EndProject
Project("{2150E333-8FDC-42A3-9474-1A3956D46DE8}") = "2-Application", "2-Application", "{1BCFD84B-D4E7-4771-8272-0025C028228D}"
EndProject
Project("{2150E333-8FDC-42A3-9474-1A3956D46DE8}") = "1-Presentation", "1-Presentation", "{70240730-C49B-4975-9A36-A972F247DC74}"
EndProject
Project("{2150E333-8FDC-42A3-9474-1A3956D46DE8}") = "WebAPI", "WebAPI", "{B3125FA3-BF72-4079-AB35-88D669043C65}"
	ProjectSection(SolutionItems) = preProject
		.gitignore = .gitignore
	EndProjectSection
EndProject
Project("{9A19103F-16F7-4668-BE54-9A1E7A4F7556}") = "WebAPI", "1-Presentation\WebAPI\WebAPI.csproj", "{DF7292A1-1FB2-4684-9EEB-F1B261BE4366}"
EndProject
Project("{2150E333-8FDC-42A3-9474-1A3956D46DE8}") = "5-Libs", "5-Libs", "{6A127514-C133-4661-A5BF-B63ECED27F9D}"
EndProject
Project("{9A19103F-16F7-4668-BE54-9A1E7A4F7556}") = "Services", "2-Application\Services\Services.csproj", "{A76090C5-5C84-475E-BFF6-69C60B09467C}"
EndProject
Project("{9A19103F-16F7-4668-BE54-9A1E7A4F7556}") = "Domain", "3-Domain\Dominio\Domain.csproj", "{242B9D5B-516D-4104-93C4-83DC0E1B5372}"
EndProject
Project("{9A19103F-16F7-4668-BE54-9A1E7A4F7556}") = "Data", "4-Infra\4.1-Data\Data\Data.csproj", "{E5EB7FF4-2A0E-46F2-96E0-68DB7BD100A6}"
EndProject
Project("{9A19103F-16F7-4668-BE54-9A1E7A4F7556}") = "BaseLib", "5-Libs\BaseLib\BaseLib.csproj", "{D7B624C3-056A-4E74-AC70-ED73C0E90B3A}"
EndProject
Global
	GlobalSection(SolutionConfigurationPlatforms) = preSolution
		Debug|Any CPU = Debug|Any CPU
		Debug|x64 = Debug|x64
		Release|Any CPU = Release|Any CPU
		Release|x64 = Release|x64
	EndGlobalSection
	GlobalSection(ProjectConfigurationPlatforms) = postSolution
		{DF7292A1-1FB2-4684-9EEB-F1B261BE4366}.Debug|Any CPU.ActiveCfg = Debug|x64
		{DF7292A1-1FB2-4684-9EEB-F1B261BE4366}.Debug|Any CPU.Build.0 = Debug|x64
		{DF7292A1-1FB2-4684-9EEB-F1B261BE4366}.Debug|x64.ActiveCfg = Debug|x64
		{DF7292A1-1FB2-4684-9EEB-F1B261BE4366}.Debug|x64.Build.0 = Debug|x64
		{DF7292A1-1FB2-4684-9EEB-F1B261BE4366}.Release|Any CPU.ActiveCfg = Release|x64
		{DF7292A1-1FB2-4684-9EEB-F1B261BE4366}.Release|Any CPU.Build.0 = Release|x64
		{DF7292A1-1FB2-4684-9EEB-F1B261BE4366}.Release|x64.ActiveCfg = Release|x64
		{DF7292A1-1FB2-4684-9EEB-F1B261BE4366}.Release|x64.Build.0 = Release|x64
		{A76090C5-5C84-475E-BFF6-69C60B09467C}.Debug|Any CPU.ActiveCfg = Debug|x64
		{A76090C5-5C84-475E-BFF6-69C60B09467C}.Debug|Any CPU.Build.0 = Debug|x64
		{A76090C5-5C84-475E-BFF6-69C60B09467C}.Debug|x64.ActiveCfg = Debug|x64
		{A76090C5-5C84-475E-BFF6-69C60B09467C}.Debug|x64.Build.0 = Debug|x64
		{A76090C5-5C84-475E-BFF6-69C60B09467C}.Release|Any CPU.ActiveCfg = Release|x64
		{A76090C5-5C84-475E-BFF6-69C60B09467C}.Release|Any CPU.Build.0 = Release|x64
		{A76090C5-5C84-475E-BFF6-69C60B09467C}.Release|x64.ActiveCfg = Release|x64
		{A76090C5-5C84-475E-BFF6-69C60B09467C}.Release|x64.Build.0 = Release|x64
		{242B9D5B-516D-4104-93C4-83DC0E1B5372}.Debug|Any CPU.ActiveCfg = Debug|x64
		{242B9D5B-516D-4104-93C4-83DC0E1B5372}.Debug|Any CPU.Build.0 = Debug|x64
		{242B9D5B-516D-4104-93C4-83DC0E1B5372}.Debug|x64.ActiveCfg = Debug|x64
		{242B9D5B-516D-4104-93C4-83DC0E1B5372}.Debug|x64.Build.0 = Debug|x64
		{242B9D5B-516D-4104-93C4-83DC0E1B5372}.Release|Any CPU.ActiveCfg = Release|x64
		{242B9D5B-516D-4104-93C4-83DC0E1B5372}.Release|Any CPU.Build.0 = Release|x64
		{242B9D5B-516D-4104-93C4-83DC0E1B5372}.Release|x64.ActiveCfg = Release|x64
		{242B9D5B-516D-4104-93C4-83DC0E1B5372}.Release|x64.Build.0 = Release|x64
		{E5EB7FF4-2A0E-46F2-96E0-68DB7BD100A6}.Debug|Any CPU.ActiveCfg = Debug|x64
		{E5EB7FF4-2A0E-46F2-96E0-68DB7BD100A6}.Debug|Any CPU.Build.0 = Debug|x64
		{E5EB7FF4-2A0E-46F2-96E0-68DB7BD100A6}.Debug|x64.ActiveCfg = Debug|x64
		{E5EB7FF4-2A0E-46F2-96E0-68DB7BD100A6}.Debug|x64.Build.0 = Debug|x64
		{E5EB7FF4-2A0E-46F2-96E0-68DB7BD100A6}.Release|Any CPU.ActiveCfg = Release|x64
		{E5EB7FF4-2A0E-46F2-96E0-68DB7BD100A6}.Release|Any CPU.Build.0 = Release|x64
		{E5EB7FF4-2A0E-46F2-96E0-68DB7BD100A6}.Release|x64.ActiveCfg = Release|x64
		{E5EB7FF4-2A0E-46F2-96E0-68DB7BD100A6}.Release|x64.Build.0 = Release|x64
		{D7B624C3-056A-4E74-AC70-ED73C0E90B3A}.Debug|Any CPU.ActiveCfg = Debug|Any CPU
		{D7B624C3-056A-4E74-AC70-ED73C0E90B3A}.Debug|Any CPU.Build.0 = Debug|Any CPU
		{D7B624C3-056A-4E74-AC70-ED73C0E90B3A}.Debug|x64.ActiveCfg = Debug|x64
		{D7B624C3-056A-4E74-AC70-ED73C0E90B3A}.Debug|x64.Build.0 = Debug|x64
		{D7B624C3-056A-4E74-AC70-ED73C0E90B3A}.Release|Any CPU.ActiveCfg = Release|Any CPU
		{D7B624C3-056A-4E74-AC70-ED73C0E90B3A}.Release|Any CPU.Build.0 = Release|Any CPU
		{D7B624C3-056A-4E74-AC70-ED73C0E90B3A}.Release|x64.ActiveCfg = Release|x64
		{D7B624C3-056A-4E74-AC70-ED73C0E90B3A}.Release|x64.Build.0 = Release|x64
	EndGlobalSection
	GlobalSection(SolutionProperties) = preSolution
		HideSolutionNode = FALSE
	EndGlobalSection
	GlobalSection(NestedProjects) = preSolution
		{B9A0B216-CFDB-46C6-A6D8-B926A0B6A4BF} = {B3125FA3-BF72-4079-AB35-88D669043C65}
		{57EB354E-AB09-49FE-AA38-D7A0208E9883} = {B9A0B216-CFDB-46C6-A6D8-B926A0B6A4BF}
		{1D175664-9AD9-44C0-ABF7-F40B3EEFA207} = {B3125FA3-BF72-4079-AB35-88D669043C65}
		{1BCFD84B-D4E7-4771-8272-0025C028228D} = {B3125FA3-BF72-4079-AB35-88D669043C65}
		{70240730-C49B-4975-9A36-A972F247DC74} = {B3125FA3-BF72-4079-AB35-88D669043C65}
		{DF7292A1-1FB2-4684-9EEB-F1B261BE4366} = {70240730-C49B-4975-9A36-A972F247DC74}
		{6A127514-C133-4661-A5BF-B63ECED27F9D} = {B3125FA3-BF72-4079-AB35-88D669043C65}
		{A76090C5-5C84-475E-BFF6-69C60B09467C} = {1BCFD84B-D4E7-4771-8272-0025C028228D}
		{242B9D5B-516D-4104-93C4-83DC0E1B5372} = {1D175664-9AD9-44C0-ABF7-F40B3EEFA207}
		{E5EB7FF4-2A0E-46F2-96E0-68DB7BD100A6} = {57EB354E-AB09-49FE-AA38-D7A0208E9883}
		{D7B624C3-056A-4E74-AC70-ED73C0E90B3A} = {6A127514-C133-4661-A5BF-B63ECED27F9D}
	EndGlobalSection
	GlobalSection(ExtensibilityGlobals) = postSolution
		SolutionGuid = {B500B09C-43CD-4255-83C4-0C8FCEFC3BE4}
	EndGlobalSection
EndGlobal
